
Microsoft Visual Studio Solution File, Format Version 12.00
# Visual Studio Version 17
VisualStudioVersion = 17.1.32328.378
MinimumVisualStudioVersion = 10.0.40219.1
Project("{FAE04EC0-301F-11D3-BF4B-00C04F79EFBC}") = "KateLab3", "KateLab3.csproj", "{2EC4109D-A93E-44F6-BD07-0FF06DAE9CE5}"
EndProject
Global
	GlobalSection(SolutionConfigurationPlatforms) = preSolution
		Debug|Any CPU = Debug|Any CPU
		Release|Any CPU = Release|Any CPU
	EndGlobalSection
	GlobalSection(ProjectConfigurationPlatforms) = postSolution
		{2EC4109D-A93E-44F6-BD07-0FF06DAE9CE5}.Debug|Any CPU.ActiveCfg = Debug|Any CPU
		{2EC4109D-A93E-44F6-BD07-0FF06DAE9CE5}.Debug|Any CPU.Build.0 = Debug|Any CPU
		{2EC4109D-A93E-44F6-BD07-0FF06DAE9CE5}.Release|Any CPU.ActiveCfg = Release|Any CPU
		{2EC4109D-A93E-44F6-BD07-0FF06DAE9CE5}.Release|Any CPU.Build.0 = Release|Any CPU
	EndGlobalSection
	GlobalSection(SolutionProperties) = preSolution
		HideSolutionNode = FALSE
	EndGlobalSection
	GlobalSection(ExtensibilityGlobals) = postSolution
		SolutionGuid = {3ABB9DEA-D1F8-444E-B219-CD9D1CCDB582}
	EndGlobalSection
EndGlobal
